
Microsoft Visual Studio Solution File, Format Version 12.00
Project("{FAE04EC0-301F-11D3-BF4B-00C04F79EFBC}") = "HellPie.Revit.DebugTab", "HellPie.Revit.DebugTab\HellPie.Revit.DebugTab.csproj", "{81DA0C07-123D-4B6F-9B1D-175F59BB409F}"
EndProject
Global
	GlobalSection(SolutionConfigurationPlatforms) = preSolution
		Debug|x64 = Debug|x64
		Release|x64 = Release|x64
	EndGlobalSection
	GlobalSection(ProjectConfigurationPlatforms) = postSolution
		{81DA0C07-123D-4B6F-9B1D-175F59BB409F}.Debug|x64.ActiveCfg = Debug|x64
		{81DA0C07-123D-4B6F-9B1D-175F59BB409F}.Debug|x64.Build.0 = Debug|x64
		{81DA0C07-123D-4B6F-9B1D-175F59BB409F}.Release|x64.ActiveCfg = Release|x64
		{81DA0C07-123D-4B6F-9B1D-175F59BB409F}.Release|x64.Build.0 = Release|x64
	EndGlobalSection
EndGlobal
